
Microsoft Visual Studio Solution File, Format Version 12.00
# Visual Studio Version 17
VisualStudioVersion = 17.4.33403.182
MinimumVisualStudioVersion = 10.0.40219.1
Project("{FAE04EC0-301F-11D3-BF4B-00C04F79EFBC}") = "Kalkulator-dotNet", "Kalkulator-dotNet\Kalkulator-dotNet.csproj", "{1FAAB820-1ED9-4BE5-A601-4C072B7FC4ED}"
EndProject
Global
	GlobalSection(SolutionConfigurationPlatforms) = preSolution
		Debug|Any CPU = Debug|Any CPU
		Release|Any CPU = Release|Any CPU
	EndGlobalSection
	GlobalSection(ProjectConfigurationPlatforms) = postSolution
		{1FAAB820-1ED9-4BE5-A601-4C072B7FC4ED}.Debug|Any CPU.ActiveCfg = Debug|Any CPU
		{1FAAB820-1ED9-4BE5-A601-4C072B7FC4ED}.Debug|Any CPU.Build.0 = Debug|Any CPU
		{1FAAB820-1ED9-4BE5-A601-4C072B7FC4ED}.Release|Any CPU.ActiveCfg = Release|Any CPU
		{1FAAB820-1ED9-4BE5-A601-4C072B7FC4ED}.Release|Any CPU.Build.0 = Release|Any CPU
	EndGlobalSection
	GlobalSection(SolutionProperties) = preSolution
		HideSolutionNode = FALSE
	EndGlobalSection
	GlobalSection(ExtensibilityGlobals) = postSolution
		SolutionGuid = {EED23C2B-41B3-411C-A4D2-B1C57FEEFAFF}
	EndGlobalSection
EndGlobal
