
Microsoft Visual Studio Solution File, Format Version 12.00
# Visual Studio Version 17
VisualStudioVersion = 17.5.33516.290
MinimumVisualStudioVersion = 10.0.40219.1
Project("{FAE04EC0-301F-11D3-BF4B-00C04F79EFBC}") = "Weather Application", "Weather Application\Weather Application.csproj", "{05C36190-EA5A-457F-8953-9C73348291B6}"
EndProject
Global
	GlobalSection(SolutionConfigurationPlatforms) = preSolution
		Debug|Any CPU = Debug|Any CPU
		Release|Any CPU = Release|Any CPU
	EndGlobalSection
	GlobalSection(ProjectConfigurationPlatforms) = postSolution
		{05C36190-EA5A-457F-8953-9C73348291B6}.Debug|Any CPU.ActiveCfg = Debug|Any CPU
		{05C36190-EA5A-457F-8953-9C73348291B6}.Debug|Any CPU.Build.0 = Debug|Any CPU
		{05C36190-EA5A-457F-8953-9C73348291B6}.Release|Any CPU.ActiveCfg = Release|Any CPU
		{05C36190-EA5A-457F-8953-9C73348291B6}.Release|Any CPU.Build.0 = Release|Any CPU
	EndGlobalSection
	GlobalSection(SolutionProperties) = preSolution
		HideSolutionNode = FALSE
	EndGlobalSection
	GlobalSection(ExtensibilityGlobals) = postSolution
		SolutionGuid = {DEB82B08-0FD8-48DC-B45F-840CABDF1313}
	EndGlobalSection
EndGlobal
